
Microsoft Visual Studio Solution File, Format Version 12.00
# Visual Studio Version 17
VisualStudioVersion = 17.9.34902.65
MinimumVisualStudioVersion = 10.0.40219.1
Project("{FAE04EC0-301F-11D3-BF4B-00C04F79EFBC}") = "Repaso", "Repaso\Repaso.csproj", "{5D2ABE19-306B-40D3-AA44-1C6739FB38A6}"
EndProject
Global
	GlobalSection(SolutionConfigurationPlatforms) = preSolution
		Debug|Any CPU = Debug|Any CPU
		Release|Any CPU = Release|Any CPU
	EndGlobalSection
	GlobalSection(ProjectConfigurationPlatforms) = postSolution
		{5D2ABE19-306B-40D3-AA44-1C6739FB38A6}.Debug|Any CPU.ActiveCfg = Debug|Any CPU
		{5D2ABE19-306B-40D3-AA44-1C6739FB38A6}.Debug|Any CPU.Build.0 = Debug|Any CPU
		{5D2ABE19-306B-40D3-AA44-1C6739FB38A6}.Release|Any CPU.ActiveCfg = Release|Any CPU
		{5D2ABE19-306B-40D3-AA44-1C6739FB38A6}.Release|Any CPU.Build.0 = Release|Any CPU
	EndGlobalSection
	GlobalSection(SolutionProperties) = preSolution
		HideSolutionNode = FALSE
	EndGlobalSection
	GlobalSection(ExtensibilityGlobals) = postSolution
		SolutionGuid = {5A79D863-0257-453B-8A75-50CE768D986F}
	EndGlobalSection
EndGlobal
